
Microsoft Visual Studio Solution File, Format Version 12.00
# Visual Studio Version 17
VisualStudioVersion = 17.14.36414.22
MinimumVisualStudioVersion = 10.0.40219.1
Project("{FAE04EC0-301F-11D3-BF4B-00C04F79EFBC}") = "cs.HoLMod.MultifunctionalCheat", "..\c.HoLMod.MultifunctionalCheat\cs.HoLMod.MultifunctionalCheat.csproj", "{63AFA192-A162-4975-9059-D934F8AD4B74}"
EndProject
Project("{FAE04EC0-301F-11D3-BF4B-00C04F79EFBC}") = "cs.HoLMod.AddItem", "..\cs.HoLMod.AddItem\cs.HoLMod.AddItem.csproj", "{EDE19BC5-60DB-4A18-9B23-584575E4CAF9}"
EndProject
Project("{FAE04EC0-301F-11D3-BF4B-00C04F79EFBC}") = "cs.HoLMod.MemberCheat", "..\cs.HoLMod.MenberCheat\cs.HoLMod.MemberCheat.csproj", "{9997E218-2A91-4468-B675-8CB0ACB3A051}"
EndProject
Project("{FAE04EC0-301F-11D3-BF4B-00C04F79EFBC}") = "cs.HoLMod.MoreGambles", "..\cs.HoLMod.MoreGambles\cs.HoLMod.MoreGambles.csproj", "{99F85E54-8F2C-4E83-97C2-104A50FFCA51}"
EndProject
Project("{FAE04EC0-301F-11D3-BF4B-00C04F79EFBC}") = "cs.HoLMod.AutoArchive", "..\cs.HoLMod.AutoArchive\cs.HoLMod.AutoArchive.csproj", "{E60D3C04-E4FA-407A-A27D-36EF319CA256}"
EndProject
Project("{FAE04EC0-301F-11D3-BF4B-00C04F79EFBC}") = "cs.HoLMod.AutoArchives", "..\cs.HoLMod.AutoArchives\cs.HoLMod.AutoArchives.csproj", "{30F93DEC-2714-4A8B-8EA0-E35E54FFD779}"
EndProject
Project("{FAE04EC0-301F-11D3-BF4B-00C04F79EFBC}") = "cs.HoLMod.TaskCheat", "..\cs.HoLMod.TaskCheat\cs.HoLMod.TaskCheat.csproj", "{79682419-F06C-465F-BF65-4C8CEEF269EB}"
EndProject
Project("{FAE04EC0-301F-11D3-BF4B-00C04F79EFBC}") = "cs.HoLMod.MorePopulation", "..\cs.HoLMod.MorePopulation\cs.HoLMod.MorePopulation.csproj", "{D1E8EBB6-3E94-4AC1-A0A1-BCBC5BDC0FF2}"
EndProject
Project("{FAE04EC0-301F-11D3-BF4B-00C04F79EFBC}") = "cs.HoLMod.Tool", "..\cs.HoLMod.Tool\cs.HoLMod.Tool.csproj", "{BC6B3C19-C8D0-4E90-91D2-0062D3A408CA}"
EndProject
Project("{FAE04EC0-301F-11D3-BF4B-00C04F79EFBC}") = "cs.HoLMod.ES3EditorAPP", "..\cs.HoLMod.ES3EditorAPP\cs.HoLMod.ES3EditorAPP.csproj", "{CE6FE5C1-BF8E-4368-8773-059A1E145CBE}"
EndProject
Project("{FAE04EC0-301F-11D3-BF4B-00C04F79EFBC}") = "cs.HoLMod.FengDiEditor", "..\cs.HoLMod.FengDiEditor\cs.HoLMod.FengDiEditor.csproj", "{F1ED33B3-3406-4917-B4B2-F6855C5E3E15}"
EndProject
Global
	GlobalSection(SolutionConfigurationPlatforms) = preSolution
		Debug|Any CPU = Debug|Any CPU
		Release|Any CPU = Release|Any CPU
	EndGlobalSection
	GlobalSection(ProjectConfigurationPlatforms) = postSolution
		{63AFA192-A162-4975-9059-D934F8AD4B74}.Debug|Any CPU.ActiveCfg = Debug|Any CPU
		{63AFA192-A162-4975-9059-D934F8AD4B74}.Debug|Any CPU.Build.0 = Debug|Any CPU
		{63AFA192-A162-4975-9059-D934F8AD4B74}.Release|Any CPU.ActiveCfg = Release|Any CPU
		{63AFA192-A162-4975-9059-D934F8AD4B74}.Release|Any CPU.Build.0 = Release|Any CPU
		{EDE19BC5-60DB-4A18-9B23-584575E4CAF9}.Debug|Any CPU.ActiveCfg = Debug|Any CPU
		{EDE19BC5-60DB-4A18-9B23-584575E4CAF9}.Debug|Any CPU.Build.0 = Debug|Any CPU
		{EDE19BC5-60DB-4A18-9B23-584575E4CAF9}.Release|Any CPU.ActiveCfg = Release|Any CPU
		{EDE19BC5-60DB-4A18-9B23-584575E4CAF9}.Release|Any CPU.Build.0 = Release|Any CPU
		{9997E218-2A91-4468-B675-8CB0ACB3A051}.Debug|Any CPU.ActiveCfg = Debug|Any CPU
		{9997E218-2A91-4468-B675-8CB0ACB3A051}.Debug|Any CPU.Build.0 = Debug|Any CPU
		{9997E218-2A91-4468-B675-8CB0ACB3A051}.Release|Any CPU.ActiveCfg = Release|Any CPU
		{9997E218-2A91-4468-B675-8CB0ACB3A051}.Release|Any CPU.Build.0 = Release|Any CPU
		{99F85E54-8F2C-4E83-97C2-104A50FFCA51}.Debug|Any CPU.ActiveCfg = Debug|Any CPU
		{99F85E54-8F2C-4E83-97C2-104A50FFCA51}.Debug|Any CPU.Build.0 = Debug|Any CPU
		{99F85E54-8F2C-4E83-97C2-104A50FFCA51}.Release|Any CPU.ActiveCfg = Release|Any CPU
		{99F85E54-8F2C-4E83-97C2-104A50FFCA51}.Release|Any CPU.Build.0 = Release|Any CPU
		{E60D3C04-E4FA-407A-A27D-36EF319CA256}.Debug|Any CPU.ActiveCfg = Debug|Any CPU
		{E60D3C04-E4FA-407A-A27D-36EF319CA256}.Debug|Any CPU.Build.0 = Debug|Any CPU
		{E60D3C04-E4FA-407A-A27D-36EF319CA256}.Release|Any CPU.ActiveCfg = Release|Any CPU
		{E60D3C04-E4FA-407A-A27D-36EF319CA256}.Release|Any CPU.Build.0 = Release|Any CPU
		{30F93DEC-2714-4A8B-8EA0-E35E54FFD779}.Debug|Any CPU.ActiveCfg = Debug|Any CPU
		{30F93DEC-2714-4A8B-8EA0-E35E54FFD779}.Debug|Any CPU.Build.0 = Debug|Any CPU
		{30F93DEC-2714-4A8B-8EA0-E35E54FFD779}.Release|Any CPU.ActiveCfg = Release|Any CPU
		{30F93DEC-2714-4A8B-8EA0-E35E54FFD779}.Release|Any CPU.Build.0 = Release|Any CPU
		{79682419-F06C-465F-BF65-4C8CEEF269EB}.Debug|Any CPU.ActiveCfg = Debug|Any CPU
		{79682419-F06C-465F-BF65-4C8CEEF269EB}.Debug|Any CPU.Build.0 = Debug|Any CPU
		{79682419-F06C-465F-BF65-4C8CEEF269EB}.Release|Any CPU.ActiveCfg = Release|Any CPU
		{79682419-F06C-465F-BF65-4C8CEEF269EB}.Release|Any CPU.Build.0 = Release|Any CPU
		{D1E8EBB6-3E94-4AC1-A0A1-BCBC5BDC0FF2}.Debug|Any CPU.ActiveCfg = Debug|Any CPU
		{D1E8EBB6-3E94-4AC1-A0A1-BCBC5BDC0FF2}.Debug|Any CPU.Build.0 = Debug|Any CPU
		{D1E8EBB6-3E94-4AC1-A0A1-BCBC5BDC0FF2}.Release|Any CPU.ActiveCfg = Release|Any CPU
		{D1E8EBB6-3E94-4AC1-A0A1-BCBC5BDC0FF2}.Release|Any CPU.Build.0 = Release|Any CPU
		{BC6B3C19-C8D0-4E90-91D2-0062D3A408CA}.Debug|Any CPU.ActiveCfg = Debug|Any CPU
		{BC6B3C19-C8D0-4E90-91D2-0062D3A408CA}.Debug|Any CPU.Build.0 = Debug|Any CPU
		{BC6B3C19-C8D0-4E90-91D2-0062D3A408CA}.Release|Any CPU.ActiveCfg = Release|Any CPU
		{BC6B3C19-C8D0-4E90-91D2-0062D3A408CA}.Release|Any CPU.Build.0 = Release|Any CPU
		{CE6FE5C1-BF8E-4368-8773-059A1E145CBE}.Debug|Any CPU.ActiveCfg = Debug|Any CPU
		{CE6FE5C1-BF8E-4368-8773-059A1E145CBE}.Debug|Any CPU.Build.0 = Debug|Any CPU
		{CE6FE5C1-BF8E-4368-8773-059A1E145CBE}.Release|Any CPU.ActiveCfg = Release|Any CPU
		{CE6FE5C1-BF8E-4368-8773-059A1E145CBE}.Release|Any CPU.Build.0 = Release|Any CPU
		{F1ED33B3-3406-4917-B4B2-F6855C5E3E15}.Debug|Any CPU.ActiveCfg = Debug|Any CPU
		{F1ED33B3-3406-4917-B4B2-F6855C5E3E15}.Debug|Any CPU.Build.0 = Debug|Any CPU
		{F1ED33B3-3406-4917-B4B2-F6855C5E3E15}.Release|Any CPU.ActiveCfg = Release|Any CPU
		{F1ED33B3-3406-4917-B4B2-F6855C5E3E15}.Release|Any CPU.Build.0 = Release|Any CPU
	EndGlobalSection
	GlobalSection(SolutionProperties) = preSolution
		HideSolutionNode = FALSE
	EndGlobalSection
	GlobalSection(ExtensibilityGlobals) = postSolution
		SolutionGuid = {E417C7C1-2427-4F2B-80AC-08D9AE65F150}
	EndGlobalSection
EndGlobal
